// !$*UTF8*$!
{
	archiveVersion = 1;
	classes = {
	};
	objectVersion = 46;
	objects = {

/* Begin PBXBuildFile section */
		E3448BFC15C44551007B2335 /* UIKit.framework in Frameworks */ = {isa = PBXBuildFile; fileRef = E3448BFB15C44551007B2335 /* UIKit.framework */; };
		E3448BFE15C44551007B2335 /* Foundation.framework in Frameworks */ = {isa = PBXBuildFile; fileRef = E3448BFD15C44551007B2335 /* Foundation.framework */; };
		E3448C0015C44551007B2335 /* CoreGraphics.framework in Frameworks */ = {isa = PBXBuildFile; fileRef = E3448BFF15C44551007B2335 /* CoreGraphics.framework */; };
		E3448C0615C44551007B2335 /* InfoPlist.strings in Resources */ = {isa = PBXBuildFile; fileRef = E3448C0415C44551007B2335 /* InfoPlist.strings */; };
		E3448C0815C44551007B2335 /* main.m in Sources */ = {isa = PBXBuildFile; fileRef = E3448C0715C44551007B2335 /* main.m */; };
		E3448C0C15C44551007B2335 /* CalculatorAppDelegate.m in Sources */ = {isa = PBXBuildFile; fileRef = E3448C0B15C44551007B2335 /* CalculatorAppDelegate.m */; };
		E3448C0F15C44551007B2335 /* MainStoryboard.storyboard in Resources */ = {isa = PBXBuildFile; fileRef = E3448C0D15C44551007B2335 /* MainStoryboard.storyboard */; };
		E3448C1215C44551007B2335 /* CalculatorViewController.m in Sources */ = {isa = PBXBuildFile; fileRef = E3448C1115C44551007B2335 /* CalculatorViewController.m */; };
		E39A8BC815E932B4003D7D92 /* SenTestingKit.framework in Frameworks */ = {isa = PBXBuildFile; fileRef = E35E5D7B15DF33FA001F485C /* SenTestingKit.framework */; };
		E39A8BC915E932B4003D7D92 /* UIKit.framework in Frameworks */ = {isa = PBXBuildFile; fileRef = E3448BFB15C44551007B2335 /* UIKit.framework */; };
		E39A8BCA15E932B4003D7D92 /* Foundation.framework in Frameworks */ = {isa = PBXBuildFile; fileRef = E3448BFD15C44551007B2335 /* Foundation.framework */; };
		E39A8BD015E932B4003D7D92 /* InfoPlist.strings in Resources */ = {isa = PBXBuildFile; fileRef = E39A8BCE15E932B4003D7D92 /* InfoPlist.strings */; };
		E39A8BD915E93305003D7D92 /* MWStack.m in Sources */ = {isa = PBXBuildFile; fileRef = E3A45AC715D47E9300DB8226 /* MWStack.m */; };
		E39A8BE415E93448003D7D92 /* CalculatorBrainTests.m in Sources */ = {isa = PBXBuildFile; fileRef = E39A8BE315E93448003D7D92 /* CalculatorBrainTests.m */; };
		E39A8BE615E93454003D7D92 /* CalculatorBrain.m in Sources */ = {isa = PBXBuildFile; fileRef = E39C4F5415C6C7E60096C11C /* CalculatorBrain.m */; };
		E39C4F5515C6C7E60096C11C /* CalculatorBrain.m in Sources */ = {isa = PBXBuildFile; fileRef = E39C4F5415C6C7E60096C11C /* CalculatorBrain.m */; };
		E3A45AC815D47E9300DB8226 /* MWStack.m in Sources */ = {isa = PBXBuildFile; fileRef = E3A45AC715D47E9300DB8226 /* MWStack.m */; };
/* End PBXBuildFile section */

/* Begin PBXFileReference section */
		E3448BF715C44551007B2335 /* Calculator.app */ = {isa = PBXFileReference; explicitFileType = wrapper.application; includeInIndex = 0; path = Calculator.app; sourceTree = BUILT_PRODUCTS_DIR; };
		E3448BFB15C44551007B2335 /* UIKit.framework */ = {isa = PBXFileReference; lastKnownFileType = wrapper.framework; name = UIKit.framework; path = System/Library/Frameworks/UIKit.framework; sourceTree = SDKROOT; };
		E3448BFD15C44551007B2335 /* Foundation.framework */ = {isa = PBXFileReference; lastKnownFileType = wrapper.framework; name = Foundation.framework; path = System/Library/Frameworks/Foundation.framework; sourceTree = SDKROOT; };
		E3448BFF15C44551007B2335 /* CoreGraphics.framework */ = {isa = PBXFileReference; lastKnownFileType = wrapper.framework; name = CoreGraphics.framework; path = System/Library/Frameworks/CoreGraphics.framework; sourceTree = SDKROOT; };
		E3448C0315C44551007B2335 /* Calculator-Info.plist */ = {isa = PBXFileReference; lastKnownFileType = text.plist.xml; path = "Calculator-Info.plist"; sourceTree = "<group>"; };
		E3448C0515C44551007B2335 /* en */ = {isa = PBXFileReference; lastKnownFileType = text.plist.strings; name = en; path = en.lproj/InfoPlist.strings; sourceTree = "<group>"; };
		E3448C0715C44551007B2335 /* main.m */ = {isa = PBXFileReference; lastKnownFileType = sourcecode.c.objc; path = main.m; sourceTree = "<group>"; };
		E3448C0915C44551007B2335 /* Calculator-Prefix.pch */ = {isa = PBXFileReference; lastKnownFileType = sourcecode.c.h; path = "Calculator-Prefix.pch"; sourceTree = "<group>"; };
		E3448C0A15C44551007B2335 /* CalculatorAppDelegate.h */ = {isa = PBXFileReference; lastKnownFileType = sourcecode.c.h; path = CalculatorAppDelegate.h; sourceTree = "<group>"; };
		E3448C0B15C44551007B2335 /* CalculatorAppDelegate.m */ = {isa = PBXFileReference; lastKnownFileType = sourcecode.c.objc; path = CalculatorAppDelegate.m; sourceTree = "<group>"; };
		E3448C0E15C44551007B2335 /* en */ = {isa = PBXFileReference; lastKnownFileType = file.storyboard; name = en; path = en.lproj/MainStoryboard.storyboard; sourceTree = "<group>"; };
		E3448C1015C44551007B2335 /* CalculatorViewController.h */ = {isa = PBXFileReference; lastKnownFileType = sourcecode.c.h; path = CalculatorViewController.h; sourceTree = "<group>"; };
		E3448C1115C44551007B2335 /* CalculatorViewController.m */ = {isa = PBXFileReference; lastKnownFileType = sourcecode.c.objc; path = CalculatorViewController.m; sourceTree = "<group>"; };
		E35E5D7B15DF33FA001F485C /* SenTestingKit.framework */ = {isa = PBXFileReference; lastKnownFileType = wrapper.framework; name = SenTestingKit.framework; path = Library/Frameworks/SenTestingKit.framework; sourceTree = DEVELOPER_DIR; };
		E35E5D8515DF33FA001F485C /* MWStackTests.h */ = {isa = PBXFileReference; lastKnownFileType = sourcecode.c.h; name = MWStackTests.h; path = ../MWStackTests/MWStackTests.h; sourceTree = "<group>"; };
		E35E5D8615DF33FA001F485C /* MWStackTests.m */ = {isa = PBXFileReference; lastKnownFileType = sourcecode.c.objc; name = MWStackTests.m; path = ../MWStackTests/MWStackTests.m; sourceTree = "<group>"; };
		E39A8BC715E932B4003D7D92 /* UnitTests.octest */ = {isa = PBXFileReference; explicitFileType = wrapper.cfbundle; includeInIndex = 0; path = UnitTests.octest; sourceTree = BUILT_PRODUCTS_DIR; };
		E39A8BCD15E932B4003D7D92 /* UnitTests-Info.plist */ = {isa = PBXFileReference; lastKnownFileType = text.plist.xml; path = "UnitTests-Info.plist"; sourceTree = "<group>"; };
		E39A8BCF15E932B4003D7D92 /* en */ = {isa = PBXFileReference; lastKnownFileType = text.plist.strings; name = en; path = en.lproj/InfoPlist.strings; sourceTree = "<group>"; };
		E39A8BD415E932B4003D7D92 /* UnitTests-Prefix.pch */ = {isa = PBXFileReference; lastKnownFileType = sourcecode.c.h; path = "UnitTests-Prefix.pch"; sourceTree = "<group>"; };
		E39A8BE215E93448003D7D92 /* CalculatorBrainTests.h */ = {isa = PBXFileReference; fileEncoding = 4; lastKnownFileType = sourcecode.c.h; path = CalculatorBrainTests.h; sourceTree = "<group>"; };
		E39A8BE315E93448003D7D92 /* CalculatorBrainTests.m */ = {isa = PBXFileReference; fileEncoding = 4; lastKnownFileType = sourcecode.c.objc; path = CalculatorBrainTests.m; sourceTree = "<group>"; };
		E39C4F5315C6C7E60096C11C /* CalculatorBrain.h */ = {isa = PBXFileReference; fileEncoding = 4; lastKnownFileType = sourcecode.c.h; path = CalculatorBrain.h; sourceTree = "<group>"; };
		E39C4F5415C6C7E60096C11C /* CalculatorBrain.m */ = {isa = PBXFileReference; fileEncoding = 4; lastKnownFileType = sourcecode.c.objc; path = CalculatorBrain.m; sourceTree = "<group>"; };
		E3A45AC615D47E9300DB8226 /* MWStack.h */ = {isa = PBXFileReference; fileEncoding = 4; lastKnownFileType = sourcecode.c.h; path = MWStack.h; sourceTree = "<group>"; };
		E3A45AC715D47E9300DB8226 /* MWStack.m */ = {isa = PBXFileReference; fileEncoding = 4; lastKnownFileType = sourcecode.c.objc; path = MWStack.m; sourceTree = "<group>"; };
/* End PBXFileReference section */

/* Begin PBXFrameworksBuildPhase section */
		E3448BF415C44551007B2335 /* Frameworks */ = {
			isa = PBXFrameworksBuildPhase;
			buildActionMask = 2147483647;
			files = (
				E3448BFC15C44551007B2335 /* UIKit.framework in Frameworks */,
				E3448BFE15C44551007B2335 /* Foundation.framework in Frameworks */,
				E3448C0015C44551007B2335 /* CoreGraphics.framework in Frameworks */,
			);
			runOnlyForDeploymentPostprocessing = 0;
		};
		E39A8BC315E932B4003D7D92 /* Frameworks */ = {
			isa = PBXFrameworksBuildPhase;
			buildActionMask = 2147483647;
			files = (
				E39A8BC815E932B4003D7D92 /* SenTestingKit.framework in Frameworks */,
				E39A8BC915E932B4003D7D92 /* UIKit.framework in Frameworks */,
				E39A8BCA15E932B4003D7D92 /* Foundation.framework in Frameworks */,
			);
			runOnlyForDeploymentPostprocessing = 0;
		};
/* End PBXFrameworksBuildPhase section */

/* Begin PBXGroup section */
		E3448BEC15C44551007B2335 = {
			isa = PBXGroup;
			children = (
				E3448C0115C44551007B2335 /* Calculator */,
				E39A8BCB15E932B4003D7D92 /* UnitTests */,
				E3448BFA15C44551007B2335 /* Frameworks */,
				E3448BF815C44551007B2335 /* Products */,
			);
			sourceTree = "<group>";
		};
		E3448BF815C44551007B2335 /* Products */ = {
			isa = PBXGroup;
			children = (
				E3448BF715C44551007B2335 /* Calculator.app */,
				E39A8BC715E932B4003D7D92 /* UnitTests.octest */,
			);
			name = Products;
			sourceTree = "<group>";
		};
		E3448BFA15C44551007B2335 /* Frameworks */ = {
			isa = PBXGroup;
			children = (
				E3448BFB15C44551007B2335 /* UIKit.framework */,
				E3448BFD15C44551007B2335 /* Foundation.framework */,
				E3448BFF15C44551007B2335 /* CoreGraphics.framework */,
				E35E5D7B15DF33FA001F485C /* SenTestingKit.framework */,
			);
			name = Frameworks;
			sourceTree = "<group>";
		};
		E3448C0115C44551007B2335 /* Calculator */ = {
			isa = PBXGroup;
			children = (
				E39C4F5315C6C7E60096C11C /* CalculatorBrain.h */,
				E39C4F5415C6C7E60096C11C /* CalculatorBrain.m */,
				E3448C0A15C44551007B2335 /* CalculatorAppDelegate.h */,
				E3448C0B15C44551007B2335 /* CalculatorAppDelegate.m */,
				E3448C0D15C44551007B2335 /* MainStoryboard.storyboard */,
				E3A45AC615D47E9300DB8226 /* MWStack.h */,
				E3A45AC715D47E9300DB8226 /* MWStack.m */,
				E3448C1015C44551007B2335 /* CalculatorViewController.h */,
				E3448C1115C44551007B2335 /* CalculatorViewController.m */,
				E3448C0215C44551007B2335 /* Supporting Files */,
			);
			path = Calculator;
			sourceTree = "<group>";
		};
		E3448C0215C44551007B2335 /* Supporting Files */ = {
			isa = PBXGroup;
			children = (
				E3448C0315C44551007B2335 /* Calculator-Info.plist */,
				E3448C0415C44551007B2335 /* InfoPlist.strings */,
				E3448C0715C44551007B2335 /* main.m */,
				E3448C0915C44551007B2335 /* Calculator-Prefix.pch */,
			);
			name = "Supporting Files";
			sourceTree = "<group>";
		};
		E39A8BCB15E932B4003D7D92 /* UnitTests */ = {
			isa = PBXGroup;
			children = (
				E35E5D8515DF33FA001F485C /* MWStackTests.h */,
				E35E5D8615DF33FA001F485C /* MWStackTests.m */,
				E39A8BCC15E932B4003D7D92 /* Supporting Files */,
				E39A8BE215E93448003D7D92 /* CalculatorBrainTests.h */,
				E39A8BE315E93448003D7D92 /* CalculatorBrainTests.m */,
			);
			path = UnitTests;
			sourceTree = "<group>";
		};
		E39A8BCC15E932B4003D7D92 /* Supporting Files */ = {
			isa = PBXGroup;
			children = (
				E39A8BCD15E932B4003D7D92 /* UnitTests-Info.plist */,
				E39A8BCE15E932B4003D7D92 /* InfoPlist.strings */,
				E39A8BD415E932B4003D7D92 /* UnitTests-Prefix.pch */,
			);
			name = "Supporting Files";
			sourceTree = "<group>";
		};
/* End PBXGroup section */

/* Begin PBXNativeTarget section */
		E3448BF615C44551007B2335 /* Calculator */ = {
			isa = PBXNativeTarget;
			buildConfigurationList = E3448C1515C44551007B2335 /* Build configuration list for PBXNativeTarget "Calculator" */;
			buildPhases = (
				E3448BF315C44551007B2335 /* Sources */,
				E3448BF415C44551007B2335 /* Frameworks */,
				E3448BF515C44551007B2335 /* Resources */,
			);
			buildRules = (
			);
			dependencies = (
			);
			name = Calculator;
			productName = Calculator;
			productReference = E3448BF715C44551007B2335 /* Calculator.app */;
			productType = "com.apple.product-type.application";
		};
		E39A8BC615E932B4003D7D92 /* UnitTests */ = {
			isa = PBXNativeTarget;
			buildConfigurationList = E39A8BD715E932B4003D7D92 /* Build configuration list for PBXNativeTarget "UnitTests" */;
			buildPhases = (
				E39A8BC215E932B4003D7D92 /* Sources */,
				E39A8BC315E932B4003D7D92 /* Frameworks */,
				E39A8BC415E932B4003D7D92 /* Resources */,
				E39A8BC515E932B4003D7D92 /* ShellScript */,
			);
			buildRules = (
			);
			dependencies = (
			);
			name = UnitTests;
			productName = UnitTests;
			productReference = E39A8BC715E932B4003D7D92 /* UnitTests.octest */;
			productType = "com.apple.product-type.bundle";
		};
/* End PBXNativeTarget section */

/* Begin PBXProject section */
		E3448BEE15C44551007B2335 /* Project object */ = {
			isa = PBXProject;
			attributes = {
				CLASSPREFIX = Calculator;
				LastUpgradeCheck = 0440;
				ORGANIZATIONNAME = "Michael Welch";
			};
			buildConfigurationList = E3448BF115C44551007B2335 /* Build configuration list for PBXProject "Calculator" */;
			compatibilityVersion = "Xcode 3.2";
			developmentRegion = English;
			hasScannedForEncodings = 0;
			knownRegions = (
				en,
			);
			mainGroup = E3448BEC15C44551007B2335;
			productRefGroup = E3448BF815C44551007B2335 /* Products */;
			projectDirPath = "";
			projectRoot = "";
			targets = (
				E3448BF615C44551007B2335 /* Calculator */,
				E39A8BC615E932B4003D7D92 /* UnitTests */,
			);
		};
/* End PBXProject section */

/* Begin PBXResourcesBuildPhase section */
		E3448BF515C44551007B2335 /* Resources */ = {
			isa = PBXResourcesBuildPhase;
			buildActionMask = 2147483647;
			files = (
				E3448C0615C44551007B2335 /* InfoPlist.strings in Resources */,
				E3448C0F15C44551007B2335 /* MainStoryboard.storyboard in Resources */,
			);
			runOnlyForDeploymentPostprocessing = 0;
		};
		E39A8BC415E932B4003D7D92 /* Resources */ = {
			isa = PBXResourcesBuildPhase;
			buildActionMask = 2147483647;
			files = (
				E39A8BD015E932B4003D7D92 /* InfoPlist.strings in Resources */,
			);
			runOnlyForDeploymentPostprocessing = 0;
		};
/* End PBXResourcesBuildPhase section */

/* Begin PBXShellScriptBuildPhase section */
		E39A8BC515E932B4003D7D92 /* ShellScript */ = {
			isa = PBXShellScriptBuildPhase;
			buildActionMask = 2147483647;
			files = (
			);
			inputPaths = (
			);
			outputPaths = (
			);
			runOnlyForDeploymentPostprocessing = 0;
			shellPath = /bin/sh;
			shellScript = "# Run the unit tests in this test bundle.\n\"${SYSTEM_DEVELOPER_DIR}/Tools/RunUnitTests\"\n";
		};
/* End PBXShellScriptBuildPhase section */

/* Begin PBXSourcesBuildPhase section */
		E3448BF315C44551007B2335 /* Sources */ = {
			isa = PBXSourcesBuildPhase;
			buildActionMask = 2147483647;
			files = (
				E3448C0815C44551007B2335 /* main.m in Sources */,
				E3448C0C15C44551007B2335 /* CalculatorAppDelegate.m in Sources */,
				E3448C1215C44551007B2335 /* CalculatorViewController.m in Sources */,
				E39C4F5515C6C7E60096C11C /* CalculatorBrain.m in Sources */,
				E3A45AC815D47E9300DB8226 /* MWStack.m in Sources */,
			);
			runOnlyForDeploymentPostprocessing = 0;
		};
		E39A8BC215E932B4003D7D92 /* Sources */ = {
			isa = PBXSourcesBuildPhase;
			buildActionMask = 2147483647;
			files = (
				E39A8BD915E93305003D7D92 /* MWStack.m in Sources */,
				E39A8BE415E93448003D7D92 /* CalculatorBrainTests.m in Sources */,
				E39A8BE615E93454003D7D92 /* CalculatorBrain.m in Sources */,
			);
			runOnlyForDeploymentPostprocessing = 0;
		};
/* End PBXSourcesBuildPhase section */

/* Begin PBXVariantGroup section */
		E3448C0415C44551007B2335 /* InfoPlist.strings */ = {
			isa = PBXVariantGroup;
			children = (
				E3448C0515C44551007B2335 /* en */,
			);
			name = InfoPlist.strings;
			sourceTree = "<group>";
		};
		E3448C0D15C44551007B2335 /* MainStoryboard.storyboard */ = {
			isa = PBXVariantGroup;
			children = (
				E3448C0E15C44551007B2335 /* en */,
			);
			name = MainStoryboard.storyboard;
			sourceTree = "<group>";
		};
		E39A8BCE15E932B4003D7D92 /* InfoPlist.strings */ = {
			isa = PBXVariantGroup;
			children = (
				E39A8BCF15E932B4003D7D92 /* en */,
			);
			name = InfoPlist.strings;
			sourceTree = "<group>";
		};
/* End PBXVariantGroup section */

/* Begin XCBuildConfiguration section */
		E3448C1315C44551007B2335 /* Debug */ = {
			isa = XCBuildConfiguration;
			buildSettings = {
				ALWAYS_SEARCH_USER_PATHS = NO;
				ARCHS = "$(ARCHS_STANDARD_32_BIT)";
				CLANG_CXX_LANGUAGE_STANDARD = "gnu++0x";
				CLANG_ENABLE_OBJC_ARC = YES;
				CLANG_WARN__DUPLICATE_METHOD_MATCH = YES;
				"CODE_SIGN_IDENTITY[sdk=iphoneos*]" = "iPhone Developer";
				COPY_PHASE_STRIP = NO;
				GCC_C_LANGUAGE_STANDARD = gnu99;
				GCC_DYNAMIC_NO_PIC = NO;
				GCC_OPTIMIZATION_LEVEL = 0;
				GCC_PREPROCESSOR_DEFINITIONS = (
					"DEBUG=1",
					"$(inherited)",
				);
				GCC_SYMBOLS_PRIVATE_EXTERN = NO;
				GCC_VERSION = com.apple.compilers.llvm.clang.1_0;
				GCC_WARN_ABOUT_RETURN_TYPE = YES;
				GCC_WARN_UNINITIALIZED_AUTOS = YES;
				GCC_WARN_UNUSED_VARIABLE = YES;
				IPHONEOS_DEPLOYMENT_TARGET = 5.1;
				SDKROOT = iphoneos;
			};
			name = Debug;
		};
		E3448C1415C44551007B2335 /* Release */ = {
			isa = XCBuildConfiguration;
			buildSettings = {
				ALWAYS_SEARCH_USER_PATHS = NO;
				ARCHS = "$(ARCHS_STANDARD_32_BIT)";
				CLANG_CXX_LANGUAGE_STANDARD = "gnu++0x";
				CLANG_ENABLE_OBJC_ARC = YES;
				CLANG_WARN__DUPLICATE_METHOD_MATCH = YES;
				"CODE_SIGN_IDENTITY[sdk=iphoneos*]" = "iPhone Developer";
				COPY_PHASE_STRIP = YES;
				GCC_C_LANGUAGE_STANDARD = gnu99;
				GCC_VERSION = com.apple.compilers.llvm.clang.1_0;
				GCC_WARN_ABOUT_RETURN_TYPE = YES;
				GCC_WARN_UNINITIALIZED_AUTOS = YES;
				GCC_WARN_UNUSED_VARIABLE = YES;
				IPHONEOS_DEPLOYMENT_TARGET = 5.1;
				OTHER_CFLAGS = "-DNS_BLOCK_ASSERTIONS=1";
				SDKROOT = iphoneos;
				VALIDATE_PRODUCT = YES;
			};
			name = Release;
		};
		E3448C1615C44551007B2335 /* Debug */ = {
			isa = XCBuildConfiguration;
			buildSettings = {
				GCC_PRECOMPILE_PREFIX_HEADER = YES;
				GCC_PREFIX_HEADER = "Calculator/Calculator-Prefix.pch";
				INFOPLIST_FILE = "Calculator/Calculator-Info.plist";
				PRODUCT_NAME = "$(TARGET_NAME)";
				WRAPPER_EXTENSION = app;
			};
			name = Debug;
		};
		E3448C1715C44551007B2335 /* Release */ = {
			isa = XCBuildConfiguration;
			buildSettings = {
				GCC_PRECOMPILE_PREFIX_HEADER = YES;
				GCC_PREFIX_HEADER = "Calculator/Calculator-Prefix.pch";
				INFOPLIST_FILE = "Calculator/Calculator-Info.plist";
				PRODUCT_NAME = "$(TARGET_NAME)";
				WRAPPER_EXTENSION = app;
			};
			name = Release;
		};
		E39A8BD515E932B4003D7D92 /* Debug */ = {
			isa = XCBuildConfiguration;
			buildSettings = {
				FRAMEWORK_SEARCH_PATHS = (
					"\"$(SDKROOT)/Developer/Library/Frameworks\"",
					"\"$(DEVELOPER_LIBRARY_DIR)/Frameworks\"",
				);
				GCC_PRECOMPILE_PREFIX_HEADER = YES;
				GCC_PREFIX_HEADER = "UnitTests/UnitTests-Prefix.pch";
				INFOPLIST_FILE = "UnitTests/UnitTests-Info.plist";
				PRODUCT_NAME = "$(TARGET_NAME)";
				WRAPPER_EXTENSION = octest;
			};
			name = Debug;
		};
		E39A8BD615E932B4003D7D92 /* Release */ = {
			isa = XCBuildConfiguration;
			buildSettings = {
				FRAMEWORK_SEARCH_PATHS = (
					"\"$(SDKROOT)/Developer/Library/Frameworks\"",
					"\"$(DEVELOPER_LIBRARY_DIR)/Frameworks\"",
				);
				GCC_PRECOMPILE_PREFIX_HEADER = YES;
				GCC_PREFIX_HEADER = "UnitTests/UnitTests-Prefix.pch";
				INFOPLIST_FILE = "UnitTests/UnitTests-Info.plist";
				PRODUCT_NAME = "$(TARGET_NAME)";
				WRAPPER_EXTENSION = octest;
			};
			name = Release;
		};
/* End XCBuildConfiguration section */

/* Begin XCConfigurationList section */
		E3448BF115C44551007B2335 /* Build configuration list for PBXProject "Calculator" */ = {
			isa = XCConfigurationList;
			buildConfigurations = (
				E3448C1315C44551007B2335 /* Debug */,
				E3448C1415C44551007B2335 /* Release */,
			);
			defaultConfigurationIsVisible = 0;
			defaultConfigurationName = Release;
		};
		E3448C1515C44551007B2335 /* Build configuration list for PBXNativeTarget "Calculator" */ = {
			isa = XCConfigurationList;
			buildConfigurations = (
				E3448C1615C44551007B2335 /* Debug */,
				E3448C1715C44551007B2335 /* Release */,
			);
			defaultConfigurationIsVisible = 0;
			defaultConfigurationName = Release;
		};
		E39A8BD715E932B4003D7D92 /* Build configuration list for PBXNativeTarget "UnitTests" */ = {
			isa = XCConfigurationList;
			buildConfigurations = (
				E39A8BD515E932B4003D7D92 /* Debug */,
				E39A8BD615E932B4003D7D92 /* Release */,
			);
			defaultConfigurationIsVisible = 0;
			defaultConfigurationName = Release;
		};
/* End XCConfigurationList section */
	};
	rootObject = E3448BEE15C44551007B2335 /* Project object */;
}
